{
  "requires": true,
  "lockfileVersion": 1,
  "dependencies": {
    "@angular/common": {
      "version": "9.1.10",
      "resolved": "https://registry.npmjs.org/@angular/common/-/common-9.1.10.tgz",
      "integrity": "sha512-qX7ZUIwRkQi/kO6aKmpa8iGdkLXfe+80D+svC02x5PvafdQAcuBlUQQkrr1XapBqYE/Nu2GK0yYmvpa2CzxjPQ=="
    },
    "@angular/compiler": {
      "version": "9.1.10",
      "resolved": "https://registry.npmjs.org/@angular/compiler/-/compiler-9.1.10.tgz",
      "integrity": "sha512-VlyTVK9elvtKGXxrkW9BWfKYRfeqXVLR3erukv03vy9u/pZppkG1xJ32SgAPKzYckGRV3kKHP6B7ZOXWMb9cog=="
    },
    "@angular/core": {
      "version": "9.1.10",
      "resolved": "https://registry.npmjs.org/@angular/core/-/core-9.1.10.tgz",
      "integrity": "sha512-pp8g0razdSi3HzSBHRzBdn5WmnVJZ5IF+sWuApvplnl4edBO0CFdZAKALmRgjctRD9y9aVPXhkEi17Spiip9aA=="
    },
    "@angular/forms": {
      "version": "9.1.10",
      "resolved": "https://registry.npmjs.org/@angular/forms/-/forms-9.1.10.tgz",
      "integrity": "sha512-Qp/tO3bayvP3lkpuMe2oWGBhATd39Vd9z9z/LIWtM+PkEZCZ0xCh0d6AiKrO9sc1vDATCi4SKxEnNCkmPBWOuQ=="
    },
    "@angular/platform-browser": {
      "version": "9.1.10",
      "resolved": "https://registry.npmjs.org/@angular/platform-browser/-/platform-browser-9.1.10.tgz",
      "integrity": "sha512-u8PHq92+OV0vrRKwc5bqS0SCR/VkzhuaUUXKYbjYeLsmXG+HUtg/pUCDo95ze4zPO1WFSeUvwsnRb2x1hurYAw=="
    },
    "@angular/platform-browser-dynamic": {
      "version": "9.1.10",
      "resolved": "https://registry.npmjs.org/@angular/platform-browser-dynamic/-/platform-browser-dynamic-9.1.10.tgz",
      "integrity": "sha512-z8urbP03LYxiCci076SYXz+9elCukePP0ykq5RVJYe5300V6JhamGftTQgsaKszas0KlGYUz/jTULhWQ+OEv/A=="
    },
    "@angular/router": {
      "version": "9.1.10",
      "resolved": "https://registry.npmjs.org/@angular/router/-/router-9.1.10.tgz",
      "integrity": "sha512-nvMSzgmsjyj+vzw0meHpN1lea7kf106ml+g97RgxiOgHAtBUnuuedXpBKrajK2kA2m9QbwQvIaKrxkdBzyLuSw=="
    },
    "core-js": {
      "version": "3.6.5",
      "resolved": "https://registry.npmjs.org/core-js/-/core-js-3.6.5.tgz",
      "integrity": "sha512-vZVEEwZoIsI+vPEuoF9Iqf5H7/M3eeQqWlQnYa8FSKKePuYTf5MWnxb5SDAzCa60b3JBRS5g9b+Dq7b1y/RCrA=="
    },
    "rxjs": {
      "version": "6.5.5",
      "resolved": "https://registry.npmjs.org/rxjs/-/rxjs-6.5.5.tgz",
      "integrity": "sha512-WfQI+1gohdf0Dai/Bbmk5L5ItH5tYqm3ki2c5GdWhKjalzjg93N3avFjVStyZZz+A2Em+ZxKH5bNghw9UeylGQ==",
      "requires": {
        "tslib": "^1.9.0"
      }
    },
    "tslib": {
      "version": "1.13.0",
      "resolved": "https://registry.npmjs.org/tslib/-/tslib-1.13.0.tgz",
      "integrity": "sha512-i/6DQjL8Xf3be4K/E6Wgpekn5Qasl1usyw++dAA35Ue5orEn65VIxOA+YvNNl9HV3qv70T7CNwjODHZrLwvd1Q=="
    },
    "zone.js": {
      "version": "0.10.3",
      "resolved": "https://registry.npmjs.org/zone.js/-/zone.js-0.10.3.tgz",
      "integrity": "sha512-LXVLVEq0NNOqK/fLJo3d0kfzd4sxwn2/h67/02pjCjfKDxgx1i9QqpvtHD8CrBnSSwMw5+dy11O7FRX5mkO7Cg=="
    }
  }
}
